
Microsoft Visual Studio Solution File, Format Version 12.00
Project("{FAE04EC0-301F-11D3-BF4B-00C04F79EFBC}") = "NetStone.Api", "NetStone.Api\NetStone.Api.csproj", "{C3B36968-FD0A-4E8C-BFA6-D39130FF7A11}"
EndProject
Project("{FAE04EC0-301F-11D3-BF4B-00C04F79EFBC}") = "NetStone.Cache", "NetStone.Cache\NetStone.Cache.csproj", "{D7C602A0-860A-41B2-B49E-0CD12DF50094}"
EndProject
Project("{FAE04EC0-301F-11D3-BF4B-00C04F79EFBC}") = "NetStone.Queue", "NetStone.Queue\NetStone.Queue.csproj", "{83D39600-0C03-45D2-A54B-66B7E4329A0C}"
EndProject
Project("{FAE04EC0-301F-11D3-BF4B-00C04F79EFBC}") = "NetStone.Data", "NetStone.Data\NetStone.Data.csproj", "{214422CD-C250-4778-AC3B-9FF454760E80}"
EndProject
Project("{FAE04EC0-301F-11D3-BF4B-00C04F79EFBC}") = "NetStone.Test", "NetStone.Test\NetStone.Test.csproj", "{683C2BB3-3E44-45CD-8905-4DAFC5A95BAD}"
EndProject
Project("{FAE04EC0-301F-11D3-BF4B-00C04F79EFBC}") = "NetStone.Common", "NetStone.Common\NetStone.Common\NetStone.Common.csproj", "{78BB1011-6342-44E5-A20C-0C583E8B69D8}"
EndProject
Project("{2150E333-8FDC-42A3-9474-1A3956D46DE8}") = "Solution Items", "Solution Items", "{68DF9241-56DB-404E-9C23-52E27E4DA7B9}"
	ProjectSection(SolutionItems) = preProject
		docker-compose.yml = docker-compose.yml
		docker-compose.local.yml = docker-compose.local.yml
		docker-compose.dev.yml = docker-compose.dev.yml
	EndProjectSection
EndProject
Project("{FAE04EC0-301F-11D3-BF4B-00C04F79EFBC}") = "NetStone", "NetStone\NetStone\NetStone.csproj", "{A27DC01A-E20B-4951-B499-C78A794CE5CD}"
EndProject
Global
	GlobalSection(SolutionConfigurationPlatforms) = preSolution
		Debug|Any CPU = Debug|Any CPU
		Release|Any CPU = Release|Any CPU
	EndGlobalSection
	GlobalSection(ProjectConfigurationPlatforms) = postSolution
		{C3B36968-FD0A-4E8C-BFA6-D39130FF7A11}.Debug|Any CPU.ActiveCfg = Debug|Any CPU
		{C3B36968-FD0A-4E8C-BFA6-D39130FF7A11}.Debug|Any CPU.Build.0 = Debug|Any CPU
		{C3B36968-FD0A-4E8C-BFA6-D39130FF7A11}.Release|Any CPU.ActiveCfg = Release|Any CPU
		{C3B36968-FD0A-4E8C-BFA6-D39130FF7A11}.Release|Any CPU.Build.0 = Release|Any CPU
		{D7C602A0-860A-41B2-B49E-0CD12DF50094}.Debug|Any CPU.ActiveCfg = Debug|Any CPU
		{D7C602A0-860A-41B2-B49E-0CD12DF50094}.Debug|Any CPU.Build.0 = Debug|Any CPU
		{D7C602A0-860A-41B2-B49E-0CD12DF50094}.Release|Any CPU.ActiveCfg = Release|Any CPU
		{D7C602A0-860A-41B2-B49E-0CD12DF50094}.Release|Any CPU.Build.0 = Release|Any CPU
		{83D39600-0C03-45D2-A54B-66B7E4329A0C}.Debug|Any CPU.ActiveCfg = Debug|Any CPU
		{83D39600-0C03-45D2-A54B-66B7E4329A0C}.Debug|Any CPU.Build.0 = Debug|Any CPU
		{83D39600-0C03-45D2-A54B-66B7E4329A0C}.Release|Any CPU.ActiveCfg = Release|Any CPU
		{83D39600-0C03-45D2-A54B-66B7E4329A0C}.Release|Any CPU.Build.0 = Release|Any CPU
		{214422CD-C250-4778-AC3B-9FF454760E80}.Debug|Any CPU.ActiveCfg = Debug|Any CPU
		{214422CD-C250-4778-AC3B-9FF454760E80}.Debug|Any CPU.Build.0 = Debug|Any CPU
		{214422CD-C250-4778-AC3B-9FF454760E80}.Release|Any CPU.ActiveCfg = Release|Any CPU
		{214422CD-C250-4778-AC3B-9FF454760E80}.Release|Any CPU.Build.0 = Release|Any CPU
		{683C2BB3-3E44-45CD-8905-4DAFC5A95BAD}.Debug|Any CPU.ActiveCfg = Debug|Any CPU
		{683C2BB3-3E44-45CD-8905-4DAFC5A95BAD}.Debug|Any CPU.Build.0 = Debug|Any CPU
		{683C2BB3-3E44-45CD-8905-4DAFC5A95BAD}.Release|Any CPU.ActiveCfg = Release|Any CPU
		{683C2BB3-3E44-45CD-8905-4DAFC5A95BAD}.Release|Any CPU.Build.0 = Release|Any CPU
		{78BB1011-6342-44E5-A20C-0C583E8B69D8}.Debug|Any CPU.ActiveCfg = Debug|Any CPU
		{78BB1011-6342-44E5-A20C-0C583E8B69D8}.Debug|Any CPU.Build.0 = Debug|Any CPU
		{78BB1011-6342-44E5-A20C-0C583E8B69D8}.Release|Any CPU.ActiveCfg = Release|Any CPU
		{78BB1011-6342-44E5-A20C-0C583E8B69D8}.Release|Any CPU.Build.0 = Release|Any CPU
		{A27DC01A-E20B-4951-B499-C78A794CE5CD}.Debug|Any CPU.ActiveCfg = Debug|Any CPU
		{A27DC01A-E20B-4951-B499-C78A794CE5CD}.Debug|Any CPU.Build.0 = Debug|Any CPU
		{A27DC01A-E20B-4951-B499-C78A794CE5CD}.Release|Any CPU.ActiveCfg = Release|Any CPU
		{A27DC01A-E20B-4951-B499-C78A794CE5CD}.Release|Any CPU.Build.0 = Release|Any CPU
	EndGlobalSection
EndGlobal
