
Microsoft Visual Studio Solution File, Format Version 12.00
Project("{FAE04EC0-301F-11D3-BF4B-00C04F79EFBC}") = "NetStone.Api", "NetStone.Api\NetStone.Api.csproj", "{C3B36968-FD0A-4E8C-BFA6-D39130FF7A11}"
EndProject
Global
	GlobalSection(SolutionConfigurationPlatforms) = preSolution
		Debug|Any CPU = Debug|Any CPU
		Release|Any CPU = Release|Any CPU
	EndGlobalSection
	GlobalSection(ProjectConfigurationPlatforms) = postSolution
		{C3B36968-FD0A-4E8C-BFA6-D39130FF7A11}.Debug|Any CPU.ActiveCfg = Debug|Any CPU
		{C3B36968-FD0A-4E8C-BFA6-D39130FF7A11}.Debug|Any CPU.Build.0 = Debug|Any CPU
		{C3B36968-FD0A-4E8C-BFA6-D39130FF7A11}.Release|Any CPU.ActiveCfg = Release|Any CPU
		{C3B36968-FD0A-4E8C-BFA6-D39130FF7A11}.Release|Any CPU.Build.0 = Release|Any CPU
	EndGlobalSection
EndGlobal
